// !$*UTF8*$!
{
	archiveVersion = 1;
	classes = {
	};
	objectVersion = 55;
	objects = {

/* Begin PBXBuildFile section */
		20CEE3372922BE4A00D43613 /* FirebaseFirestore in Frameworks */ = {isa = PBXBuildFile; productRef = 20CEE3362922BE4A00D43613 /* FirebaseFirestore */; };
		20CEE33A2922BE7D00D43613 /* FirestoreModel.swift in Sources */ = {isa = PBXBuildFile; fileRef = 20CEE3392922BE7D00D43613 /* FirestoreModel.swift */; };
		20CEE33C2922BF8D00D43613 /* ViewRouter.swift in Sources */ = {isa = PBXBuildFile; fileRef = 20CEE33B2922BF8D00D43613 /* ViewRouter.swift */; };
		20CEE3432922BFAF00D43613 /* SignInView.swift in Sources */ = {isa = PBXBuildFile; fileRef = 20CEE33F2922BFAF00D43613 /* SignInView.swift */; };
		20CEE3442922BFAF00D43613 /* ForgotPasswordView.swift in Sources */ = {isa = PBXBuildFile; fileRef = 20CEE3402922BFAF00D43613 /* ForgotPasswordView.swift */; };
		20CEE3452922BFAF00D43613 /* SignUpView.swift in Sources */ = {isa = PBXBuildFile; fileRef = 20CEE3412922BFAF00D43613 /* SignUpView.swift */; };
		20CEE3472922C03000D43613 /* ViewController.swift in Sources */ = {isa = PBXBuildFile; fileRef = 20CEE3462922C03000D43613 /* ViewController.swift */; };
		20CEE3492922C37E00D43613 /* FirebaseFirestoreSwift in Frameworks */ = {isa = PBXBuildFile; productRef = 20CEE3482922C37E00D43613 /* FirebaseFirestoreSwift */; };
		20CEE34B2923090A00D43613 /* AuthModel.swift in Sources */ = {isa = PBXBuildFile; fileRef = 20CEE34A2923090A00D43613 /* AuthModel.swift */; };
		20E49B9D293A72BE008EE278 /* ActiveView.swift in Sources */ = {isa = PBXBuildFile; fileRef = 20E49B97293A72BE008EE278 /* ActiveView.swift */; };
		20E49B9E293A72BE008EE278 /* MetricsView.swift in Sources */ = {isa = PBXBuildFile; fileRef = 20E49B98293A72BE008EE278 /* MetricsView.swift */; };
		20E49B9F293A72BE008EE278 /* RideHistoryView.swift in Sources */ = {isa = PBXBuildFile; fileRef = 20E49B99293A72BE008EE278 /* RideHistoryView.swift */; };
		20E49BA1293A72BE008EE278 /* MetricsModel.swift in Sources */ = {isa = PBXBuildFile; fileRef = 20E49B9B293A72BE008EE278 /* MetricsModel.swift */; };
		20E49BA2293A72BE008EE278 /* TrackingView.swift in Sources */ = {isa = PBXBuildFile; fileRef = 20E49B9C293A72BE008EE278 /* TrackingView.swift */; };
		20E49BA4293A72DE008EE278 /* TrackingManager.swift in Sources */ = {isa = PBXBuildFile; fileRef = 20E49BA3293A72DE008EE278 /* TrackingManager.swift */; };
		20E49BA6293A76E4008EE278 /* HomeView.swift in Sources */ = {isa = PBXBuildFile; fileRef = 20E49BA5293A76E4008EE278 /* HomeView.swift */; };
		20E49BA9293DA354008EE278 /* Dates.swift in Sources */ = {isa = PBXBuildFile; fileRef = 20E49BA8293DA353008EE278 /* Dates.swift */; };
		480EC9A9293EE4F2004CA41A /* ConfigurationOptionsTest.swift in Sources */ = {isa = PBXBuildFile; fileRef = 480EC9A4293EE4F2004CA41A /* ConfigurationOptionsTest.swift */; };
		480EC9AA293EE4F2004CA41A /* ObjectIdentificationTest.swift in Sources */ = {isa = PBXBuildFile; fileRef = 480EC9A5293EE4F2004CA41A /* ObjectIdentificationTest.swift */; };
		480EC9AB293EE4F2004CA41A /* CameraTest.swift in Sources */ = {isa = PBXBuildFile; fileRef = 480EC9A6293EE4F2004CA41A /* CameraTest.swift */; };
		480EC9AC293EE4F2004CA41A /* BLETests.swift in Sources */ = {isa = PBXBuildFile; fileRef = 480EC9A7293EE4F2004CA41A /* BLETests.swift */; };
		480EC9AD293EE4F2004CA41A /* AlertTest.swift in Sources */ = {isa = PBXBuildFile; fileRef = 480EC9A8293EE4F2004CA41A /* AlertTest.swift */; };
		483E42B4291BE71800B9A3C3 /* GoogleService-Info.plist in Resources */ = {isa = PBXBuildFile; fileRef = 483E42B3291BE71800B9A3C3 /* GoogleService-Info.plist */; };
		483E42B7291BE82200B9A3C3 /* FirebaseAnalyticsSwift in Frameworks */ = {isa = PBXBuildFile; productRef = 483E42B6291BE82200B9A3C3 /* FirebaseAnalyticsSwift */; };
		483E42B9291BE82200B9A3C3 /* FirebaseAnalyticsWithoutAdIdSupport in Frameworks */ = {isa = PBXBuildFile; productRef = 483E42B8291BE82200B9A3C3 /* FirebaseAnalyticsWithoutAdIdSupport */; };
		483E42BB291BE82200B9A3C3 /* FirebaseAuth in Frameworks */ = {isa = PBXBuildFile; productRef = 483E42BA291BE82200B9A3C3 /* FirebaseAuth */; };
		483E42BD291BE82200B9A3C3 /* FirebaseCrashlytics in Frameworks */ = {isa = PBXBuildFile; productRef = 483E42BC291BE82200B9A3C3 /* FirebaseCrashlytics */; };
		483E42BF291BE82200B9A3C3 /* FirebaseDatabase in Frameworks */ = {isa = PBXBuildFile; productRef = 483E42BE291BE82200B9A3C3 /* FirebaseDatabase */; };
		483E42C1291BE82200B9A3C3 /* FirebaseDatabaseSwift in Frameworks */ = {isa = PBXBuildFile; productRef = 483E42C0291BE82200B9A3C3 /* FirebaseDatabaseSwift */; };
		484558412908941B002D81FC /* OptionsView.swift in Sources */ = {isa = PBXBuildFile; fileRef = 484558402908941B002D81FC /* OptionsView.swift */; };
		4845584929089EAA002D81FC /* UserConfig.swift in Sources */ = {isa = PBXBuildFile; fileRef = 4845584829089EAA002D81FC /* UserConfig.swift */; };
		4845584B2909768E002D81FC /* ColorExtension.swift in Sources */ = {isa = PBXBuildFile; fileRef = 4845584A2909768E002D81FC /* ColorExtension.swift */; };
		4851CE0928E49485003B5B76 /* Rear_RiderApp.swift in Sources */ = {isa = PBXBuildFile; fileRef = 4851CE0828E49485003B5B76 /* Rear_RiderApp.swift */; };
		4851CE0D28E49485003B5B76 /* Assets.xcassets in Resources */ = {isa = PBXBuildFile; fileRef = 4851CE0C28E49485003B5B76 /* Assets.xcassets */; };
		4851CE1028E49485003B5B76 /* Preview Assets.xcassets in Resources */ = {isa = PBXBuildFile; fileRef = 4851CE0F28E49485003B5B76 /* Preview Assets.xcassets */; };
		4851CE1F28E4C3A2003B5B76 /* UIImage+Extension.swift in Sources */ = {isa = PBXBuildFile; fileRef = 4851CE1E28E4C3A2003B5B76 /* UIImage+Extension.swift */; };
		48CB852D2902E60700283DBD /* RearRiderAlerts.swift in Sources */ = {isa = PBXBuildFile; fileRef = 48CB852C2902E60700283DBD /* RearRiderAlerts.swift */; };
		48CB852F2902EF5200283DBD /* vehicleAlert.mp3 in Resources */ = {isa = PBXBuildFile; fileRef = 48CB852E2902EF5200283DBD /* vehicleAlert.mp3 */; };
		48F4414228F6258C00F7C9AA /* ImageIdentification.swift in Sources */ = {isa = PBXBuildFile; fileRef = 48F4414128F6258C00F7C9AA /* ImageIdentification.swift */; };
		48F4414B28F62E7C00F7C9AA /* Rear_RiderTests.swift in Sources */ = {isa = PBXBuildFile; fileRef = 48F4414A28F62E7C00F7C9AA /* Rear_RiderTests.swift */; };
		C307D28928F2731F001D7F1D /* CameraTestView.swift in Sources */ = {isa = PBXBuildFile; fileRef = C307D28828F2731F001D7F1D /* CameraTestView.swift */; };
		C307D28C28F2734B001D7F1D /* MJpegStreamingKit.swift in Sources */ = {isa = PBXBuildFile; fileRef = C307D28B28F2734B001D7F1D /* MJpegStreamingKit.swift */; };
		C338B28E290F5E94009638F9 /* WifiManager.swift in Sources */ = {isa = PBXBuildFile; fileRef = C338B28D290F5E94009638F9 /* WifiManager.swift */; };
		C364D8BF290DAB9A00F9EE7C /* RearRiderLog.swift in Sources */ = {isa = PBXBuildFile; fileRef = C364D8BE290DAB9A00F9EE7C /* RearRiderLog.swift */; };
		C364D8C1290DAFDD00F9EE7C /* RearRiderLogView.swift in Sources */ = {isa = PBXBuildFile; fileRef = C364D8C0290DAFDD00F9EE7C /* RearRiderLogView.swift */; };
		C36AA2E628FC80B2001F24A3 /* RecordingView.swift in Sources */ = {isa = PBXBuildFile; fileRef = C36AA2E328FC80B2001F24A3 /* RecordingView.swift */; };
		C36AA2E728FC80B2001F24A3 /* ShareSheet.swift in Sources */ = {isa = PBXBuildFile; fileRef = C36AA2E428FC80B2001F24A3 /* ShareSheet.swift */; };
		C36AA2E828FC80B2001F24A3 /* RecordingExtension.swift in Sources */ = {isa = PBXBuildFile; fileRef = C36AA2E528FC80B2001F24A3 /* RecordingExtension.swift */; };
		C36AA2EC28FC8278001F24A3 /* RiderView.swift in Sources */ = {isa = PBXBuildFile; fileRef = C36AA2EB28FC8278001F24A3 /* RiderView.swift */; };
		C39C7C2D2933C2AD007A5884 /* beep.mp3 in Resources */ = {isa = PBXBuildFile; fileRef = C39C7C2C2933C2AD007A5884 /* beep.mp3 */; };
		C3A64EB329172F2A0067FDF0 /* BLETests.swift in Sources */ = {isa = PBXBuildFile; fileRef = C3A64EB229172F2A0067FDF0 /* BLETests.swift */; };
		C3BD658328E8DB3B0042CEB4 /* BLEManager.swift in Sources */ = {isa = PBXBuildFile; fileRef = C3BD658228E8DB3B0042CEB4 /* BLEManager.swift */; };
		C3FC5C66290C64B800929D1D /* yolov5m.mlmodel in Sources */ = {isa = PBXBuildFile; fileRef = C3FC5C65290C64B800929D1D /* yolov5m.mlmodel */; };
/* End PBXBuildFile section */

/* Begin PBXContainerItemProxy section */
		48F4414C28F62E7C00F7C9AA /* PBXContainerItemProxy */ = {
			isa = PBXContainerItemProxy;
			containerPortal = 4851CDFD28E49484003B5B76 /* Project object */;
			proxyType = 1;
			remoteGlobalIDString = 4851CE0428E49485003B5B76;
			remoteInfo = "Rear Rider";
		};
/* End PBXContainerItemProxy section */

/* Begin PBXFileReference section */
		20CEE3392922BE7D00D43613 /* FirestoreModel.swift */ = {isa = PBXFileReference; lastKnownFileType = sourcecode.swift; path = FirestoreModel.swift; sourceTree = "<group>"; };
		20CEE33B2922BF8D00D43613 /* ViewRouter.swift */ = {isa = PBXFileReference; lastKnownFileType = sourcecode.swift; path = ViewRouter.swift; sourceTree = "<group>"; };
		20CEE33F2922BFAF00D43613 /* SignInView.swift */ = {isa = PBXFileReference; fileEncoding = 4; lastKnownFileType = sourcecode.swift; path = SignInView.swift; sourceTree = "<group>"; };
		20CEE3402922BFAF00D43613 /* ForgotPasswordView.swift */ = {isa = PBXFileReference; fileEncoding = 4; lastKnownFileType = sourcecode.swift; path = ForgotPasswordView.swift; sourceTree = "<group>"; };
		20CEE3412922BFAF00D43613 /* SignUpView.swift */ = {isa = PBXFileReference; fileEncoding = 4; lastKnownFileType = sourcecode.swift; path = SignUpView.swift; sourceTree = "<group>"; };
		20CEE3462922C03000D43613 /* ViewController.swift */ = {isa = PBXFileReference; lastKnownFileType = sourcecode.swift; path = ViewController.swift; sourceTree = "<group>"; };
		20CEE34A2923090A00D43613 /* AuthModel.swift */ = {isa = PBXFileReference; lastKnownFileType = sourcecode.swift; path = AuthModel.swift; sourceTree = "<group>"; };
		20E49B97293A72BE008EE278 /* ActiveView.swift */ = {isa = PBXFileReference; fileEncoding = 4; lastKnownFileType = sourcecode.swift; path = ActiveView.swift; sourceTree = "<group>"; };
		20E49B98293A72BE008EE278 /* MetricsView.swift */ = {isa = PBXFileReference; fileEncoding = 4; lastKnownFileType = sourcecode.swift; path = MetricsView.swift; sourceTree = "<group>"; };
		20E49B99293A72BE008EE278 /* RideHistoryView.swift */ = {isa = PBXFileReference; fileEncoding = 4; lastKnownFileType = sourcecode.swift; path = RideHistoryView.swift; sourceTree = "<group>"; };
		20E49B9B293A72BE008EE278 /* MetricsModel.swift */ = {isa = PBXFileReference; fileEncoding = 4; lastKnownFileType = sourcecode.swift; path = MetricsModel.swift; sourceTree = "<group>"; };
		20E49B9C293A72BE008EE278 /* TrackingView.swift */ = {isa = PBXFileReference; fileEncoding = 4; lastKnownFileType = sourcecode.swift; path = TrackingView.swift; sourceTree = "<group>"; };
		20E49BA3293A72DE008EE278 /* TrackingManager.swift */ = {isa = PBXFileReference; fileEncoding = 4; lastKnownFileType = sourcecode.swift; path = TrackingManager.swift; sourceTree = "<group>"; };
		20E49BA5293A76E4008EE278 /* HomeView.swift */ = {isa = PBXFileReference; fileEncoding = 4; lastKnownFileType = sourcecode.swift; path = HomeView.swift; sourceTree = "<group>"; };
		20E49BA7293A77B1008EE278 /* Rear-Rider-Info.plist */ = {isa = PBXFileReference; lastKnownFileType = text.plist; path = "Rear-Rider-Info.plist"; sourceTree = SOURCE_ROOT; };
		20E49BA8293DA353008EE278 /* Dates.swift */ = {isa = PBXFileReference; fileEncoding = 4; lastKnownFileType = sourcecode.swift; path = Dates.swift; sourceTree = "<group>"; };
		480EC9A4293EE4F2004CA41A /* ConfigurationOptionsTest.swift */ = {isa = PBXFileReference; fileEncoding = 4; lastKnownFileType = sourcecode.swift; name = ConfigurationOptionsTest.swift; path = ../../../../../../Downloads/Tests/ConfigurationOptionsTest.swift; sourceTree = "<group>"; };
		480EC9A5293EE4F2004CA41A /* ObjectIdentificationTest.swift */ = {isa = PBXFileReference; fileEncoding = 4; lastKnownFileType = sourcecode.swift; path = ObjectIdentificationTest.swift; sourceTree = "<group>"; };
		480EC9A6293EE4F2004CA41A /* CameraTest.swift */ = {isa = PBXFileReference; fileEncoding = 4; lastKnownFileType = sourcecode.swift; path = CameraTest.swift; sourceTree = "<group>"; };
		480EC9A7293EE4F2004CA41A /* BLETests.swift */ = {isa = PBXFileReference; fileEncoding = 4; lastKnownFileType = sourcecode.swift; name = BLETests.swift; path = ../../../../../../Downloads/Tests/BLETests.swift; sourceTree = "<group>"; };
		480EC9A8293EE4F2004CA41A /* AlertTest.swift */ = {isa = PBXFileReference; fileEncoding = 4; lastKnownFileType = sourcecode.swift; path = AlertTest.swift; sourceTree = "<group>"; };
		483E42B3291BE71800B9A3C3 /* GoogleService-Info.plist */ = {isa = PBXFileReference; fileEncoding = 4; lastKnownFileType = text.plist.xml; path = "GoogleService-Info.plist"; sourceTree = "<group>"; };
		484558402908941B002D81FC /* OptionsView.swift */ = {isa = PBXFileReference; lastKnownFileType = sourcecode.swift; path = OptionsView.swift; sourceTree = "<group>"; };
		4845584829089EAA002D81FC /* UserConfig.swift */ = {isa = PBXFileReference; lastKnownFileType = sourcecode.swift; path = UserConfig.swift; sourceTree = "<group>"; };
		4845584A2909768E002D81FC /* ColorExtension.swift */ = {isa = PBXFileReference; lastKnownFileType = sourcecode.swift; path = ColorExtension.swift; sourceTree = "<group>"; };
		4851CE0528E49485003B5B76 /* Rear Rider.app */ = {isa = PBXFileReference; explicitFileType = wrapper.application; includeInIndex = 0; path = "Rear Rider.app"; sourceTree = BUILT_PRODUCTS_DIR; };
		4851CE0828E49485003B5B76 /* Rear_RiderApp.swift */ = {isa = PBXFileReference; lastKnownFileType = sourcecode.swift; path = Rear_RiderApp.swift; sourceTree = "<group>"; };
		4851CE0C28E49485003B5B76 /* Assets.xcassets */ = {isa = PBXFileReference; lastKnownFileType = folder.assetcatalog; path = Assets.xcassets; sourceTree = "<group>"; };
		4851CE0F28E49485003B5B76 /* Preview Assets.xcassets */ = {isa = PBXFileReference; lastKnownFileType = folder.assetcatalog; path = "Preview Assets.xcassets"; sourceTree = "<group>"; };
		4851CE1E28E4C3A2003B5B76 /* UIImage+Extension.swift */ = {isa = PBXFileReference; lastKnownFileType = sourcecode.swift; path = "UIImage+Extension.swift"; sourceTree = "<group>"; };
		48CB852C2902E60700283DBD /* RearRiderAlerts.swift */ = {isa = PBXFileReference; lastKnownFileType = sourcecode.swift; path = RearRiderAlerts.swift; sourceTree = "<group>"; };
		48CB852E2902EF5200283DBD /* vehicleAlert.mp3 */ = {isa = PBXFileReference; lastKnownFileType = audio.mp3; path = vehicleAlert.mp3; sourceTree = "<group>"; };
		48F4414128F6258C00F7C9AA /* ImageIdentification.swift */ = {isa = PBXFileReference; lastKnownFileType = sourcecode.swift; path = ImageIdentification.swift; sourceTree = "<group>"; };
		48F4414828F62E7C00F7C9AA /* Rear RiderTests.xctest */ = {isa = PBXFileReference; explicitFileType = wrapper.cfbundle; includeInIndex = 0; path = "Rear RiderTests.xctest"; sourceTree = BUILT_PRODUCTS_DIR; };
		48F4414A28F62E7C00F7C9AA /* Rear_RiderTests.swift */ = {isa = PBXFileReference; lastKnownFileType = sourcecode.swift; path = Rear_RiderTests.swift; sourceTree = "<group>"; };
		C307D28828F2731F001D7F1D /* CameraTestView.swift */ = {isa = PBXFileReference; fileEncoding = 4; lastKnownFileType = sourcecode.swift; path = CameraTestView.swift; sourceTree = "<group>"; };
		C307D28A28F2734A001D7F1D /* MJpegStreaming.h */ = {isa = PBXFileReference; fileEncoding = 4; lastKnownFileType = sourcecode.c.h; path = MJpegStreaming.h; sourceTree = "<group>"; };
		C307D28B28F2734B001D7F1D /* MJpegStreamingKit.swift */ = {isa = PBXFileReference; fileEncoding = 4; lastKnownFileType = sourcecode.swift; path = MJpegStreamingKit.swift; sourceTree = "<group>"; };
		C338B28D290F5E94009638F9 /* WifiManager.swift */ = {isa = PBXFileReference; lastKnownFileType = sourcecode.swift; path = WifiManager.swift; sourceTree = "<group>"; };
		C364D8BE290DAB9A00F9EE7C /* RearRiderLog.swift */ = {isa = PBXFileReference; lastKnownFileType = sourcecode.swift; path = RearRiderLog.swift; sourceTree = "<group>"; };
		C364D8C0290DAFDD00F9EE7C /* RearRiderLogView.swift */ = {isa = PBXFileReference; lastKnownFileType = sourcecode.swift; path = RearRiderLogView.swift; sourceTree = "<group>"; };
		C36AA2E328FC80B2001F24A3 /* RecordingView.swift */ = {isa = PBXFileReference; fileEncoding = 4; lastKnownFileType = sourcecode.swift; path = RecordingView.swift; sourceTree = "<group>"; };
		C36AA2E428FC80B2001F24A3 /* ShareSheet.swift */ = {isa = PBXFileReference; fileEncoding = 4; lastKnownFileType = sourcecode.swift; path = ShareSheet.swift; sourceTree = "<group>"; };
		C36AA2E528FC80B2001F24A3 /* RecordingExtension.swift */ = {isa = PBXFileReference; fileEncoding = 4; lastKnownFileType = sourcecode.swift; path = RecordingExtension.swift; sourceTree = "<group>"; };
		C36AA2EB28FC8278001F24A3 /* RiderView.swift */ = {isa = PBXFileReference; fileEncoding = 4; lastKnownFileType = sourcecode.swift; path = RiderView.swift; sourceTree = "<group>"; };
		C39C7C2C2933C2AD007A5884 /* beep.mp3 */ = {isa = PBXFileReference; lastKnownFileType = audio.mp3; path = beep.mp3; sourceTree = "<group>"; };
		C3A64EB229172F2A0067FDF0 /* BLETests.swift */ = {isa = PBXFileReference; fileEncoding = 4; lastKnownFileType = sourcecode.swift; path = BLETests.swift; sourceTree = "<group>"; };
		C3BD658228E8DB3B0042CEB4 /* BLEManager.swift */ = {isa = PBXFileReference; fileEncoding = 4; lastKnownFileType = sourcecode.swift; path = BLEManager.swift; sourceTree = "<group>"; };
		C3FC5C65290C64B800929D1D /* yolov5m.mlmodel */ = {isa = PBXFileReference; lastKnownFileType = file.mlmodel; path = yolov5m.mlmodel; sourceTree = "<group>"; };
/* End PBXFileReference section */

/* Begin PBXFrameworksBuildPhase section */
		4851CE0228E49485003B5B76 /* Frameworks */ = {
			isa = PBXFrameworksBuildPhase;
			buildActionMask = 2147483647;
			files = (
				483E42C1291BE82200B9A3C3 /* FirebaseDatabaseSwift in Frameworks */,
				483E42BF291BE82200B9A3C3 /* FirebaseDatabase in Frameworks */,
				483E42B7291BE82200B9A3C3 /* FirebaseAnalyticsSwift in Frameworks */,
				483E42BD291BE82200B9A3C3 /* FirebaseCrashlytics in Frameworks */,
				483E42BB291BE82200B9A3C3 /* FirebaseAuth in Frameworks */,
				483E42B9291BE82200B9A3C3 /* FirebaseAnalyticsWithoutAdIdSupport in Frameworks */,
				20CEE3372922BE4A00D43613 /* FirebaseFirestore in Frameworks */,
				20CEE3492922C37E00D43613 /* FirebaseFirestoreSwift in Frameworks */,
			);
			runOnlyForDeploymentPostprocessing = 0;
		};
		48F4414528F62E7C00F7C9AA /* Frameworks */ = {
			isa = PBXFrameworksBuildPhase;
			buildActionMask = 2147483647;
			files = (
			);
			runOnlyForDeploymentPostprocessing = 0;
		};
/* End PBXFrameworksBuildPhase section */

/* Begin PBXGroup section */
		20CEE3352922BE4A00D43613 /* Frameworks */ = {
			isa = PBXGroup;
			children = (
			);
			name = Frameworks;
			sourceTree = "<group>";
		};
		20CEE3382922BE6800D43613 /* Firebase */ = {
			isa = PBXGroup;
			children = (
				20CEE34A2923090A00D43613 /* AuthModel.swift */,
				20CEE3392922BE7D00D43613 /* FirestoreModel.swift */,
			);
			path = Firebase;
			sourceTree = "<group>";
		};
		20CEE33D2922BFAF00D43613 /* Auth */ = {
			isa = PBXGroup;
			children = (
				20CEE33F2922BFAF00D43613 /* SignInView.swift */,
				20CEE3402922BFAF00D43613 /* ForgotPasswordView.swift */,
				20CEE3412922BFAF00D43613 /* SignUpView.swift */,
			);
			path = Auth;
			sourceTree = "<group>";
		};
		20E49B96293A72BE008EE278 /* Metrics */ = {
			isa = PBXGroup;
			children = (
				20E49BA3293A72DE008EE278 /* TrackingManager.swift */,
				20E49B97293A72BE008EE278 /* ActiveView.swift */,
				20E49B98293A72BE008EE278 /* MetricsView.swift */,
				20E49B99293A72BE008EE278 /* RideHistoryView.swift */,
				20E49BA8293DA353008EE278 /* Dates.swift */,
				20E49B9B293A72BE008EE278 /* MetricsModel.swift */,
				20E49B9C293A72BE008EE278 /* TrackingView.swift */,
			);
			path = Metrics;
			sourceTree = "<group>";
		};
		484558422908942F002D81FC /* StreamingAndRecording */ = {
			isa = PBXGroup;
			children = (
				C307D28828F2731F001D7F1D /* CameraTestView.swift */,
				C307D28A28F2734A001D7F1D /* MJpegStreaming.h */,
				C307D28B28F2734B001D7F1D /* MJpegStreamingKit.swift */,
				C36AA2E528FC80B2001F24A3 /* RecordingExtension.swift */,
				C36AA2E328FC80B2001F24A3 /* RecordingView.swift */,
				C36AA2E428FC80B2001F24A3 /* ShareSheet.swift */,
				C338B28D290F5E94009638F9 /* WifiManager.swift */,
			);
			path = StreamingAndRecording;
			sourceTree = "<group>";
		};
		4845584329089489002D81FC /* Alerts */ = {
			isa = PBXGroup;
			children = (
				C39C7C2C2933C2AD007A5884 /* beep.mp3 */,
				48CB852E2902EF5200283DBD /* vehicleAlert.mp3 */,
				48CB852C2902E60700283DBD /* RearRiderAlerts.swift */,
			);
			path = Alerts;
			sourceTree = "<group>";
		};
		48455845290894A7002D81FC /* BlueTooth */ = {
			isa = PBXGroup;
			children = (
				C3BD658228E8DB3B0042CEB4 /* BLEManager.swift */,
			);
			path = BlueTooth;
			sourceTree = "<group>";
		};
		4845584629089503002D81FC /* ObjectIdentification */ = {
			isa = PBXGroup;
			children = (
				48F4414128F6258C00F7C9AA /* ImageIdentification.swift */,
				4851CE1E28E4C3A2003B5B76 /* UIImage+Extension.swift */,
			);
			path = ObjectIdentification;
			sourceTree = "<group>";
		};
		4845584729089E87002D81FC /* ConfigurationOptions */ = {
			isa = PBXGroup;
			children = (
				484558402908941B002D81FC /* OptionsView.swift */,
				4845584829089EAA002D81FC /* UserConfig.swift */,
				4845584A2909768E002D81FC /* ColorExtension.swift */,
			);
			path = ConfigurationOptions;
			sourceTree = "<group>";
		};
		4851CDFC28E49484003B5B76 = {
			isa = PBXGroup;
			children = (
				4851CE0728E49485003B5B76 /* Rear Rider */,
				48F4414928F62E7C00F7C9AA /* Rear RiderTests */,
				4851CE0628E49485003B5B76 /* Products */,
				20CEE3352922BE4A00D43613 /* Frameworks */,
			);
			sourceTree = "<group>";
		};
		4851CE0628E49485003B5B76 /* Products */ = {
			isa = PBXGroup;
			children = (
				4851CE0528E49485003B5B76 /* Rear Rider.app */,
				48F4414828F62E7C00F7C9AA /* Rear RiderTests.xctest */,
			);
			name = Products;
			sourceTree = "<group>";
		};
		4851CE0728E49485003B5B76 /* Rear Rider */ = {
			isa = PBXGroup;
			children = (
				20E49BA7293A77B1008EE278 /* Rear-Rider-Info.plist */,
				20E49B96293A72BE008EE278 /* Metrics */,
				20CEE33B2922BF8D00D43613 /* ViewRouter.swift */,
				20CEE3462922C03000D43613 /* ViewController.swift */,
				20CEE33D2922BFAF00D43613 /* Auth */,
				20CEE3382922BE6800D43613 /* Firebase */,
				483E42B3291BE71800B9A3C3 /* GoogleService-Info.plist */,
				C364D8BD290DAB5900F9EE7C /* Logging */,
				4845584729089E87002D81FC /* ConfigurationOptions */,
				4845584629089503002D81FC /* ObjectIdentification */,
				48455845290894A7002D81FC /* BlueTooth */,
				4845584329089489002D81FC /* Alerts */,
				484558422908942F002D81FC /* StreamingAndRecording */,
				4851CE0828E49485003B5B76 /* Rear_RiderApp.swift */,
				20E49BA5293A76E4008EE278 /* HomeView.swift */,
				C36AA2EB28FC8278001F24A3 /* RiderView.swift */,
				C3FC5C65290C64B800929D1D /* yolov5m.mlmodel */,
				4851CE0C28E49485003B5B76 /* Assets.xcassets */,
				4851CE0E28E49485003B5B76 /* Preview Content */,
			);
			path = "Rear Rider";
			sourceTree = "<group>";
		};
		4851CE0E28E49485003B5B76 /* Preview Content */ = {
			isa = PBXGroup;
			children = (
				4851CE0F28E49485003B5B76 /* Preview Assets.xcassets */,
			);
			path = "Preview Content";
			sourceTree = "<group>";
		};
		48F4414928F62E7C00F7C9AA /* Rear RiderTests */ = {
			isa = PBXGroup;
			children = (
				480EC9A8293EE4F2004CA41A /* AlertTest.swift */,
				C3A64EB229172F2A0067FDF0 /* BLETests.swift */,
				480EC9A7293EE4F2004CA41A /* BLETests.swift */,
				480EC9A6293EE4F2004CA41A /* CameraTest.swift */,
				480EC9A4293EE4F2004CA41A /* ConfigurationOptionsTest.swift */,
				480EC9A5293EE4F2004CA41A /* ObjectIdentificationTest.swift */,
				48F4414A28F62E7C00F7C9AA /* Rear_RiderTests.swift */,
			);
			path = "Rear RiderTests";
			sourceTree = "<group>";
		};
		C364D8BD290DAB5900F9EE7C /* Logging */ = {
			isa = PBXGroup;
			children = (
				C364D8BE290DAB9A00F9EE7C /* RearRiderLog.swift */,
				C364D8C0290DAFDD00F9EE7C /* RearRiderLogView.swift */,
			);
			path = Logging;
			sourceTree = "<group>";
		};
/* End PBXGroup section */

/* Begin PBXNativeTarget section */
		4851CE0428E49485003B5B76 /* Rear Rider */ = {
			isa = PBXNativeTarget;
			buildConfigurationList = 4851CE1328E49485003B5B76 /* Build configuration list for PBXNativeTarget "Rear Rider" */;
			buildPhases = (
				4851CE0128E49485003B5B76 /* Sources */,
				4851CE0228E49485003B5B76 /* Frameworks */,
				4851CE0328E49485003B5B76 /* Resources */,
			);
			buildRules = (
			);
			dependencies = (
			);
			name = "Rear Rider";
			packageProductDependencies = (
				483E42B6291BE82200B9A3C3 /* FirebaseAnalyticsSwift */,
				483E42B8291BE82200B9A3C3 /* FirebaseAnalyticsWithoutAdIdSupport */,
				483E42BA291BE82200B9A3C3 /* FirebaseAuth */,
				483E42BC291BE82200B9A3C3 /* FirebaseCrashlytics */,
				483E42BE291BE82200B9A3C3 /* FirebaseDatabase */,
				483E42C0291BE82200B9A3C3 /* FirebaseDatabaseSwift */,
				20CEE3362922BE4A00D43613 /* FirebaseFirestore */,
				20CEE3482922C37E00D43613 /* FirebaseFirestoreSwift */,
			);
			productName = "Rear Rider";
			productReference = 4851CE0528E49485003B5B76 /* Rear Rider.app */;
			productType = "com.apple.product-type.application";
		};
		48F4414728F62E7C00F7C9AA /* Rear RiderTests */ = {
			isa = PBXNativeTarget;
			buildConfigurationList = 48F4414E28F62E7C00F7C9AA /* Build configuration list for PBXNativeTarget "Rear RiderTests" */;
			buildPhases = (
				48F4414428F62E7C00F7C9AA /* Sources */,
				48F4414528F62E7C00F7C9AA /* Frameworks */,
				48F4414628F62E7C00F7C9AA /* Resources */,
			);
			buildRules = (
			);
			dependencies = (
				48F4414D28F62E7C00F7C9AA /* PBXTargetDependency */,
			);
			name = "Rear RiderTests";
			productName = "Rear RiderTests";
			productReference = 48F4414828F62E7C00F7C9AA /* Rear RiderTests.xctest */;
			productType = "com.apple.product-type.bundle.unit-test";
		};
/* End PBXNativeTarget section */

/* Begin PBXProject section */
		4851CDFD28E49484003B5B76 /* Project object */ = {
			isa = PBXProject;
			attributes = {
				BuildIndependentTargetsInParallel = 1;
				LastSwiftUpdateCheck = 1400;
				LastUpgradeCheck = 1340;
				TargetAttributes = {
					4851CE0428E49485003B5B76 = {
						CreatedOnToolsVersion = 13.4.1;
					};
					48F4414728F62E7C00F7C9AA = {
						CreatedOnToolsVersion = 14.0.1;
						TestTargetID = 4851CE0428E49485003B5B76;
					};
				};
			};
			buildConfigurationList = 4851CE0028E49484003B5B76 /* Build configuration list for PBXProject "Rear Rider" */;
			compatibilityVersion = "Xcode 13.0";
			developmentRegion = en;
			hasScannedForEncodings = 0;
			knownRegions = (
				en,
				Base,
			);
			mainGroup = 4851CDFC28E49484003B5B76;
			packageReferences = (
				483E42B5291BE82200B9A3C3 /* XCRemoteSwiftPackageReference "firebase-ios-sdk" */,
			);
			productRefGroup = 4851CE0628E49485003B5B76 /* Products */;
			projectDirPath = "";
			projectRoot = "";
			targets = (
				4851CE0428E49485003B5B76 /* Rear Rider */,
				48F4414728F62E7C00F7C9AA /* Rear RiderTests */,
			);
		};
/* End PBXProject section */

/* Begin PBXResourcesBuildPhase section */
		4851CE0328E49485003B5B76 /* Resources */ = {
			isa = PBXResourcesBuildPhase;
			buildActionMask = 2147483647;
			files = (
				4851CE1028E49485003B5B76 /* Preview Assets.xcassets in Resources */,
				C39C7C2D2933C2AD007A5884 /* beep.mp3 in Resources */,
				483E42B4291BE71800B9A3C3 /* GoogleService-Info.plist in Resources */,
				4851CE0D28E49485003B5B76 /* Assets.xcassets in Resources */,
				48CB852F2902EF5200283DBD /* vehicleAlert.mp3 in Resources */,
			);
			runOnlyForDeploymentPostprocessing = 0;
		};
		48F4414628F62E7C00F7C9AA /* Resources */ = {
			isa = PBXResourcesBuildPhase;
			buildActionMask = 2147483647;
			files = (
			);
			runOnlyForDeploymentPostprocessing = 0;
		};
/* End PBXResourcesBuildPhase section */

/* Begin PBXSourcesBuildPhase section */
		4851CE0128E49485003B5B76 /* Sources */ = {
			isa = PBXSourcesBuildPhase;
			buildActionMask = 2147483647;
			files = (
				20E49B9F293A72BE008EE278 /* RideHistoryView.swift in Sources */,
				48CB852D2902E60700283DBD /* RearRiderAlerts.swift in Sources */,
				4845584B2909768E002D81FC /* ColorExtension.swift in Sources */,
				20CEE33C2922BF8D00D43613 /* ViewRouter.swift in Sources */,
				484558412908941B002D81FC /* OptionsView.swift in Sources */,
				C3BD658328E8DB3B0042CEB4 /* BLEManager.swift in Sources */,
				48F4414228F6258C00F7C9AA /* ImageIdentification.swift in Sources */,
				C307D28C28F2734B001D7F1D /* MJpegStreamingKit.swift in Sources */,
				20CEE3442922BFAF00D43613 /* ForgotPasswordView.swift in Sources */,
				20CEE34B2923090A00D43613 /* AuthModel.swift in Sources */,
				20CEE3432922BFAF00D43613 /* SignInView.swift in Sources */,
				C307D28928F2731F001D7F1D /* CameraTestView.swift in Sources */,
				C36AA2EC28FC8278001F24A3 /* RiderView.swift in Sources */,
				20E49B9D293A72BE008EE278 /* ActiveView.swift in Sources */,
				20E49BA4293A72DE008EE278 /* TrackingManager.swift in Sources */,
				C36AA2E728FC80B2001F24A3 /* ShareSheet.swift in Sources */,
				C3FC5C66290C64B800929D1D /* yolov5m.mlmodel in Sources */,
				C36AA2E628FC80B2001F24A3 /* RecordingView.swift in Sources */,
				20CEE3452922BFAF00D43613 /* SignUpView.swift in Sources */,
				4851CE0928E49485003B5B76 /* Rear_RiderApp.swift in Sources */,
				20CEE33A2922BE7D00D43613 /* FirestoreModel.swift in Sources */,
				C36AA2E828FC80B2001F24A3 /* RecordingExtension.swift in Sources */,
				20CEE3472922C03000D43613 /* ViewController.swift in Sources */,
				20E49B9E293A72BE008EE278 /* MetricsView.swift in Sources */,
				20E49BA9293DA354008EE278 /* Dates.swift in Sources */,
				4851CE1F28E4C3A2003B5B76 /* UIImage+Extension.swift in Sources */,
				4845584929089EAA002D81FC /* UserConfig.swift in Sources */,
				20E49BA6293A76E4008EE278 /* HomeView.swift in Sources */,
				20E49BA2293A72BE008EE278 /* TrackingView.swift in Sources */,
				C338B28E290F5E94009638F9 /* WifiManager.swift in Sources */,
				20E49BA1293A72BE008EE278 /* MetricsModel.swift in Sources */,
				C364D8C1290DAFDD00F9EE7C /* RearRiderLogView.swift in Sources */,
				C364D8BF290DAB9A00F9EE7C /* RearRiderLog.swift in Sources */,
			);
			runOnlyForDeploymentPostprocessing = 0;
		};
		48F4414428F62E7C00F7C9AA /* Sources */ = {
			isa = PBXSourcesBuildPhase;
			buildActionMask = 2147483647;
			files = (
				480EC9A9293EE4F2004CA41A /* ConfigurationOptionsTest.swift in Sources */,
				480EC9AD293EE4F2004CA41A /* AlertTest.swift in Sources */,
				C3A64EB329172F2A0067FDF0 /* BLETests.swift in Sources */,
				480EC9AB293EE4F2004CA41A /* CameraTest.swift in Sources */,
				480EC9AC293EE4F2004CA41A /* BLETests.swift in Sources */,
				480EC9AA293EE4F2004CA41A /* ObjectIdentificationTest.swift in Sources */,
				48F4414B28F62E7C00F7C9AA /* Rear_RiderTests.swift in Sources */,
			);
			runOnlyForDeploymentPostprocessing = 0;
		};
/* End PBXSourcesBuildPhase section */

/* Begin PBXTargetDependency section */
		48F4414D28F62E7C00F7C9AA /* PBXTargetDependency */ = {
			isa = PBXTargetDependency;
			target = 4851CE0428E49485003B5B76 /* Rear Rider */;
			targetProxy = 48F4414C28F62E7C00F7C9AA /* PBXContainerItemProxy */;
		};
/* End PBXTargetDependency section */

/* Begin XCBuildConfiguration section */
		4851CE1128E49485003B5B76 /* Debug */ = {
			isa = XCBuildConfiguration;
			buildSettings = {
				ALWAYS_SEARCH_USER_PATHS = NO;
				CLANG_ANALYZER_NONNULL = YES;
				CLANG_ANALYZER_NUMBER_OBJECT_CONVERSION = YES_AGGRESSIVE;
				CLANG_CXX_LANGUAGE_STANDARD = "gnu++17";
				CLANG_ENABLE_MODULES = YES;
				CLANG_ENABLE_OBJC_ARC = YES;
				CLANG_ENABLE_OBJC_WEAK = YES;
				CLANG_WARN_BLOCK_CAPTURE_AUTORELEASING = YES;
				CLANG_WARN_BOOL_CONVERSION = YES;
				CLANG_WARN_COMMA = YES;
				CLANG_WARN_CONSTANT_CONVERSION = YES;
				CLANG_WARN_DEPRECATED_OBJC_IMPLEMENTATIONS = YES;
				CLANG_WARN_DIRECT_OBJC_ISA_USAGE = YES_ERROR;
				CLANG_WARN_DOCUMENTATION_COMMENTS = YES;
				CLANG_WARN_EMPTY_BODY = YES;
				CLANG_WARN_ENUM_CONVERSION = YES;
				CLANG_WARN_INFINITE_RECURSION = YES;
				CLANG_WARN_INT_CONVERSION = YES;
				CLANG_WARN_NON_LITERAL_NULL_CONVERSION = YES;
				CLANG_WARN_OBJC_IMPLICIT_RETAIN_SELF = YES;
				CLANG_WARN_OBJC_LITERAL_CONVERSION = YES;
				CLANG_WARN_OBJC_ROOT_CLASS = YES_ERROR;
				CLANG_WARN_QUOTED_INCLUDE_IN_FRAMEWORK_HEADER = YES;
				CLANG_WARN_RANGE_LOOP_ANALYSIS = YES;
				CLANG_WARN_STRICT_PROTOTYPES = YES;
				CLANG_WARN_SUSPICIOUS_MOVE = YES;
				CLANG_WARN_UNGUARDED_AVAILABILITY = YES_AGGRESSIVE;
				CLANG_WARN_UNREACHABLE_CODE = YES;
				CLANG_WARN__DUPLICATE_METHOD_MATCH = YES;
				COPY_PHASE_STRIP = NO;
				DEBUG_INFORMATION_FORMAT = dwarf;
				ENABLE_STRICT_OBJC_MSGSEND = YES;
				ENABLE_TESTABILITY = YES;
				GCC_C_LANGUAGE_STANDARD = gnu11;
				GCC_DYNAMIC_NO_PIC = NO;
				GCC_NO_COMMON_BLOCKS = YES;
				GCC_OPTIMIZATION_LEVEL = 0;
				GCC_PREPROCESSOR_DEFINITIONS = (
					"DEBUG=1",
					"$(inherited)",
				);
				GCC_WARN_64_TO_32_BIT_CONVERSION = YES;
				GCC_WARN_ABOUT_RETURN_TYPE = YES_ERROR;
				GCC_WARN_UNDECLARED_SELECTOR = YES;
				GCC_WARN_UNINITIALIZED_AUTOS = YES_AGGRESSIVE;
				GCC_WARN_UNUSED_FUNCTION = YES;
				GCC_WARN_UNUSED_VARIABLE = YES;
				IPHONEOS_DEPLOYMENT_TARGET = 15.5;
				MTL_ENABLE_DEBUG_INFO = INCLUDE_SOURCE;
				MTL_FAST_MATH = YES;
				ONLY_ACTIVE_ARCH = YES;
				SDKROOT = iphoneos;
				SWIFT_ACTIVE_COMPILATION_CONDITIONS = DEBUG;
				SWIFT_OPTIMIZATION_LEVEL = "-Onone";
			};
			name = Debug;
		};
		4851CE1228E49485003B5B76 /* Release */ = {
			isa = XCBuildConfiguration;
			buildSettings = {
				ALWAYS_SEARCH_USER_PATHS = NO;
				CLANG_ANALYZER_NONNULL = YES;
				CLANG_ANALYZER_NUMBER_OBJECT_CONVERSION = YES_AGGRESSIVE;
				CLANG_CXX_LANGUAGE_STANDARD = "gnu++17";
				CLANG_ENABLE_MODULES = YES;
				CLANG_ENABLE_OBJC_ARC = YES;
				CLANG_ENABLE_OBJC_WEAK = YES;
				CLANG_WARN_BLOCK_CAPTURE_AUTORELEASING = YES;
				CLANG_WARN_BOOL_CONVERSION = YES;
				CLANG_WARN_COMMA = YES;
				CLANG_WARN_CONSTANT_CONVERSION = YES;
				CLANG_WARN_DEPRECATED_OBJC_IMPLEMENTATIONS = YES;
				CLANG_WARN_DIRECT_OBJC_ISA_USAGE = YES_ERROR;
				CLANG_WARN_DOCUMENTATION_COMMENTS = YES;
				CLANG_WARN_EMPTY_BODY = YES;
				CLANG_WARN_ENUM_CONVERSION = YES;
				CLANG_WARN_INFINITE_RECURSION = YES;
				CLANG_WARN_INT_CONVERSION = YES;
				CLANG_WARN_NON_LITERAL_NULL_CONVERSION = YES;
				CLANG_WARN_OBJC_IMPLICIT_RETAIN_SELF = YES;
				CLANG_WARN_OBJC_LITERAL_CONVERSION = YES;
				CLANG_WARN_OBJC_ROOT_CLASS = YES_ERROR;
				CLANG_WARN_QUOTED_INCLUDE_IN_FRAMEWORK_HEADER = YES;
				CLANG_WARN_RANGE_LOOP_ANALYSIS = YES;
				CLANG_WARN_STRICT_PROTOTYPES = YES;
				CLANG_WARN_SUSPICIOUS_MOVE = YES;
				CLANG_WARN_UNGUARDED_AVAILABILITY = YES_AGGRESSIVE;
				CLANG_WARN_UNREACHABLE_CODE = YES;
				CLANG_WARN__DUPLICATE_METHOD_MATCH = YES;
				COPY_PHASE_STRIP = NO;
				DEBUG_INFORMATION_FORMAT = "dwarf-with-dsym";
				ENABLE_NS_ASSERTIONS = NO;
				ENABLE_STRICT_OBJC_MSGSEND = YES;
				GCC_C_LANGUAGE_STANDARD = gnu11;
				GCC_NO_COMMON_BLOCKS = YES;
				GCC_WARN_64_TO_32_BIT_CONVERSION = YES;
				GCC_WARN_ABOUT_RETURN_TYPE = YES_ERROR;
				GCC_WARN_UNDECLARED_SELECTOR = YES;
				GCC_WARN_UNINITIALIZED_AUTOS = YES_AGGRESSIVE;
				GCC_WARN_UNUSED_FUNCTION = YES;
				GCC_WARN_UNUSED_VARIABLE = YES;
				IPHONEOS_DEPLOYMENT_TARGET = 15.5;
				MTL_ENABLE_DEBUG_INFO = NO;
				MTL_FAST_MATH = YES;
				SDKROOT = iphoneos;
				SWIFT_COMPILATION_MODE = wholemodule;
				SWIFT_OPTIMIZATION_LEVEL = "-O";
				VALIDATE_PRODUCT = YES;
			};
			name = Release;
		};
		4851CE1428E49485003B5B76 /* Debug */ = {
			isa = XCBuildConfiguration;
			buildSettings = {
				ASSETCATALOG_COMPILER_APPICON_NAME = AppIcon;
				ASSETCATALOG_COMPILER_GLOBAL_ACCENT_COLOR_NAME = AccentColor;
				CODE_SIGN_STYLE = Automatic;
				CURRENT_PROJECT_VERSION = 1;
				DEVELOPMENT_ASSET_PATHS = "\"Rear Rider/Preview Content\"";
				DEVELOPMENT_TEAM = T53AYVVL5N;
				ENABLE_PREVIEWS = YES;
				GENERATE_INFOPLIST_FILE = YES;
				INFOPLIST_FILE = "Rear-Rider-Info.plist";
				INFOPLIST_KEY_NSBluetoothAlwaysUsageDescription = "This app requires Bluetooth for connecting to RaspberryPi";
				INFOPLIST_KEY_NSLocationWhenInUseUsageDescription = "Rear Rider requires location to track riding metrics";
				INFOPLIST_KEY_UIApplicationSceneManifest_Generation = YES;
				INFOPLIST_KEY_UIApplicationSupportsIndirectInputEvents = YES;
				INFOPLIST_KEY_UILaunchScreen_Generation = YES;
				INFOPLIST_KEY_UISupportedInterfaceOrientations_iPad = "UIInterfaceOrientationPortrait UIInterfaceOrientationPortraitUpsideDown UIInterfaceOrientationLandscapeLeft UIInterfaceOrientationLandscapeRight";
				INFOPLIST_KEY_UISupportedInterfaceOrientations_iPhone = "UIInterfaceOrientationPortrait UIInterfaceOrientationLandscapeLeft UIInterfaceOrientationLandscapeRight";
				LD_RUNPATH_SEARCH_PATHS = (
					"$(inherited)",
					"@executable_path/Frameworks",
				);
				MARKETING_VERSION = 1.0;
				PRODUCT_BUNDLE_IDENTIFIER = com.Calin.RearRider;
				PRODUCT_NAME = "$(TARGET_NAME)";
				SWIFT_EMIT_LOC_STRINGS = YES;
				SWIFT_VERSION = 5.0;
				TARGETED_DEVICE_FAMILY = "1,2";
			};
			name = Debug;
		};
		4851CE1528E49485003B5B76 /* Release */ = {
			isa = XCBuildConfiguration;
			buildSettings = {
				ASSETCATALOG_COMPILER_APPICON_NAME = AppIcon;
				ASSETCATALOG_COMPILER_GLOBAL_ACCENT_COLOR_NAME = AccentColor;
				CODE_SIGN_STYLE = Automatic;
				CURRENT_PROJECT_VERSION = 1;
				DEVELOPMENT_ASSET_PATHS = "\"Rear Rider/Preview Content\"";
				DEVELOPMENT_TEAM = T53AYVVL5N;
				ENABLE_PREVIEWS = YES;
				GENERATE_INFOPLIST_FILE = YES;
				INFOPLIST_FILE = "Rear-Rider-Info.plist";
				INFOPLIST_KEY_NSBluetoothAlwaysUsageDescription = "This app requires Bluetooth for connecting to RaspberryPi";
				INFOPLIST_KEY_NSLocationWhenInUseUsageDescription = "Rear Rider requires location to track riding metrics";
				INFOPLIST_KEY_UIApplicationSceneManifest_Generation = YES;
				INFOPLIST_KEY_UIApplicationSupportsIndirectInputEvents = YES;
				INFOPLIST_KEY_UILaunchScreen_Generation = YES;
				INFOPLIST_KEY_UISupportedInterfaceOrientations_iPad = "UIInterfaceOrientationPortrait UIInterfaceOrientationPortraitUpsideDown UIInterfaceOrientationLandscapeLeft UIInterfaceOrientationLandscapeRight";
				INFOPLIST_KEY_UISupportedInterfaceOrientations_iPhone = "UIInterfaceOrientationPortrait UIInterfaceOrientationLandscapeLeft UIInterfaceOrientationLandscapeRight";
				LD_RUNPATH_SEARCH_PATHS = (
					"$(inherited)",
					"@executable_path/Frameworks",
				);
				MARKETING_VERSION = 1.0;
				PRODUCT_BUNDLE_IDENTIFIER = com.Calin.RearRider;
				PRODUCT_NAME = "$(TARGET_NAME)";
				SWIFT_EMIT_LOC_STRINGS = YES;
				SWIFT_VERSION = 5.0;
				TARGETED_DEVICE_FAMILY = "1,2";
			};
			name = Release;
		};
		48F4414F28F62E7C00F7C9AA /* Debug */ = {
			isa = XCBuildConfiguration;
			buildSettings = {
				BUNDLE_LOADER = "$(TEST_HOST)";
				CLANG_CXX_LANGUAGE_STANDARD = "gnu++20";
				CODE_SIGN_STYLE = Automatic;
				CURRENT_PROJECT_VERSION = 1;
				DEVELOPMENT_TEAM = T53AYVVL5N;
				GENERATE_INFOPLIST_FILE = YES;
				IPHONEOS_DEPLOYMENT_TARGET = 15.5;
				MARKETING_VERSION = 1.0;
				PRODUCT_BUNDLE_IDENTIFIER = "RearRider.Rear-RiderTests";
				PRODUCT_NAME = "$(TARGET_NAME)";
				SWIFT_EMIT_LOC_STRINGS = NO;
				SWIFT_VERSION = 5.0;
				TARGETED_DEVICE_FAMILY = "1,2";
				TEST_HOST = "$(BUILT_PRODUCTS_DIR)/Rear Rider.app/$(BUNDLE_EXECUTABLE_FOLDER_PATH)/Rear Rider";
			};
			name = Debug;
		};
		48F4415028F62E7C00F7C9AA /* Release */ = {
			isa = XCBuildConfiguration;
			buildSettings = {
				BUNDLE_LOADER = "$(TEST_HOST)";
				CLANG_CXX_LANGUAGE_STANDARD = "gnu++20";
				CODE_SIGN_STYLE = Automatic;
				CURRENT_PROJECT_VERSION = 1;
				DEVELOPMENT_TEAM = T53AYVVL5N;
				GENERATE_INFOPLIST_FILE = YES;
				IPHONEOS_DEPLOYMENT_TARGET = 15.5;
				MARKETING_VERSION = 1.0;
				PRODUCT_BUNDLE_IDENTIFIER = "RearRider.Rear-RiderTests";
				PRODUCT_NAME = "$(TARGET_NAME)";
				SWIFT_EMIT_LOC_STRINGS = NO;
				SWIFT_VERSION = 5.0;
				TARGETED_DEVICE_FAMILY = "1,2";
				TEST_HOST = "$(BUILT_PRODUCTS_DIR)/Rear Rider.app/$(BUNDLE_EXECUTABLE_FOLDER_PATH)/Rear Rider";
			};
			name = Release;
		};
/* End XCBuildConfiguration section */

/* Begin XCConfigurationList section */
		4851CE0028E49484003B5B76 /* Build configuration list for PBXProject "Rear Rider" */ = {
			isa = XCConfigurationList;
			buildConfigurations = (
				4851CE1128E49485003B5B76 /* Debug */,
				4851CE1228E49485003B5B76 /* Release */,
			);
			defaultConfigurationIsVisible = 0;
			defaultConfigurationName = Release;
		};
		4851CE1328E49485003B5B76 /* Build configuration list for PBXNativeTarget "Rear Rider" */ = {
			isa = XCConfigurationList;
			buildConfigurations = (
				4851CE1428E49485003B5B76 /* Debug */,
				4851CE1528E49485003B5B76 /* Release */,
			);
			defaultConfigurationIsVisible = 0;
			defaultConfigurationName = Release;
		};
		48F4414E28F62E7C00F7C9AA /* Build configuration list for PBXNativeTarget "Rear RiderTests" */ = {
			isa = XCConfigurationList;
			buildConfigurations = (
				48F4414F28F62E7C00F7C9AA /* Debug */,
				48F4415028F62E7C00F7C9AA /* Release */,
			);
			defaultConfigurationIsVisible = 0;
			defaultConfigurationName = Release;
		};
/* End XCConfigurationList section */

/* Begin XCRemoteSwiftPackageReference section */
		483E42B5291BE82200B9A3C3 /* XCRemoteSwiftPackageReference "firebase-ios-sdk" */ = {
			isa = XCRemoteSwiftPackageReference;
			repositoryURL = "https://github.com/firebase/firebase-ios-sdk";
			requirement = {
				kind = upToNextMajorVersion;
				minimumVersion = 9.0.0;
			};
		};
/* End XCRemoteSwiftPackageReference section */

/* Begin XCSwiftPackageProductDependency section */
		20CEE3362922BE4A00D43613 /* FirebaseFirestore */ = {
			isa = XCSwiftPackageProductDependency;
			package = 483E42B5291BE82200B9A3C3 /* XCRemoteSwiftPackageReference "firebase-ios-sdk" */;
			productName = FirebaseFirestore;
		};
		20CEE3482922C37E00D43613 /* FirebaseFirestoreSwift */ = {
			isa = XCSwiftPackageProductDependency;
			package = 483E42B5291BE82200B9A3C3 /* XCRemoteSwiftPackageReference "firebase-ios-sdk" */;
			productName = FirebaseFirestoreSwift;
		};
		483E42B6291BE82200B9A3C3 /* FirebaseAnalyticsSwift */ = {
			isa = XCSwiftPackageProductDependency;
			package = 483E42B5291BE82200B9A3C3 /* XCRemoteSwiftPackageReference "firebase-ios-sdk" */;
			productName = FirebaseAnalyticsSwift;
		};
		483E42B8291BE82200B9A3C3 /* FirebaseAnalyticsWithoutAdIdSupport */ = {
			isa = XCSwiftPackageProductDependency;
			package = 483E42B5291BE82200B9A3C3 /* XCRemoteSwiftPackageReference "firebase-ios-sdk" */;
			productName = FirebaseAnalyticsWithoutAdIdSupport;
		};
		483E42BA291BE82200B9A3C3 /* FirebaseAuth */ = {
			isa = XCSwiftPackageProductDependency;
			package = 483E42B5291BE82200B9A3C3 /* XCRemoteSwiftPackageReference "firebase-ios-sdk" */;
			productName = FirebaseAuth;
		};
		483E42BC291BE82200B9A3C3 /* FirebaseCrashlytics */ = {
			isa = XCSwiftPackageProductDependency;
			package = 483E42B5291BE82200B9A3C3 /* XCRemoteSwiftPackageReference "firebase-ios-sdk" */;
			productName = FirebaseCrashlytics;
		};
		483E42BE291BE82200B9A3C3 /* FirebaseDatabase */ = {
			isa = XCSwiftPackageProductDependency;
			package = 483E42B5291BE82200B9A3C3 /* XCRemoteSwiftPackageReference "firebase-ios-sdk" */;
			productName = FirebaseDatabase;
		};
		483E42C0291BE82200B9A3C3 /* FirebaseDatabaseSwift */ = {
			isa = XCSwiftPackageProductDependency;
			package = 483E42B5291BE82200B9A3C3 /* XCRemoteSwiftPackageReference "firebase-ios-sdk" */;
			productName = FirebaseDatabaseSwift;
		};
/* End XCSwiftPackageProductDependency section */
	};
	rootObject = 4851CDFD28E49484003B5B76 /* Project object */;
}
