// !$*UTF8*$!
{
	archiveVersion = 1;
	classes = {
	};
	objectVersion = 55;
	objects = {

/* Begin PBXBuildFile section */
		2070E42528F5B7AB002F4EBA /* FrameView.swift in Sources */ = {isa = PBXBuildFile; fileRef = 2070E42428F5B7AB002F4EBA /* FrameView.swift */; };
		2070E42728F5B816002F4EBA /* FrameHandler.swift in Sources */ = {isa = PBXBuildFile; fileRef = 2070E42628F5B816002F4EBA /* FrameHandler.swift */; };
		2070E42B28F5B8D1002F4EBA /* LiveVideoDisplayView.swift in Sources */ = {isa = PBXBuildFile; fileRef = 2070E42A28F5B8D1002F4EBA /* LiveVideoDisplayView.swift */; };
		4851CE0928E49485003B5B76 /* Rear_RiderApp.swift in Sources */ = {isa = PBXBuildFile; fileRef = 4851CE0828E49485003B5B76 /* Rear_RiderApp.swift */; };
		4851CE0B28E49485003B5B76 /* ObjectDetectionView.swift in Sources */ = {isa = PBXBuildFile; fileRef = 4851CE0A28E49485003B5B76 /* ObjectDetectionView.swift */; };
		4851CE0D28E49485003B5B76 /* Assets.xcassets in Resources */ = {isa = PBXBuildFile; fileRef = 4851CE0C28E49485003B5B76 /* Assets.xcassets */; };
		4851CE1028E49485003B5B76 /* Preview Assets.xcassets in Resources */ = {isa = PBXBuildFile; fileRef = 4851CE0F28E49485003B5B76 /* Preview Assets.xcassets */; };
		4851CE1D28E4C22D003B5B76 /* MobileNetV2.mlmodel in Sources */ = {isa = PBXBuildFile; fileRef = 4851CE1C28E4C22D003B5B76 /* MobileNetV2.mlmodel */; };
		4851CE1F28E4C3A2003B5B76 /* UIImage+Extension.swift in Sources */ = {isa = PBXBuildFile; fileRef = 4851CE1E28E4C3A2003B5B76 /* UIImage+Extension.swift */; };
		487C63AE28E4F8700022F0A7 /* HomeView.swift in Sources */ = {isa = PBXBuildFile; fileRef = 487C63AD28E4F8700022F0A7 /* HomeView.swift */; };
		C307D28928F2731F001D7F1D /* CameraTestView.swift in Sources */ = {isa = PBXBuildFile; fileRef = C307D28828F2731F001D7F1D /* CameraTestView.swift */; };
		C307D28C28F2734B001D7F1D /* MJpegStreamingKit.swift in Sources */ = {isa = PBXBuildFile; fileRef = C307D28B28F2734B001D7F1D /* MJpegStreamingKit.swift */; };
		C3BD658328E8DB3B0042CEB4 /* BLEManager.swift in Sources */ = {isa = PBXBuildFile; fileRef = C3BD658228E8DB3B0042CEB4 /* BLEManager.swift */; };
		C3BD658528E8DB7C0042CEB4 /* BluetoothView.swift in Sources */ = {isa = PBXBuildFile; fileRef = C3BD658428E8DB7C0042CEB4 /* BluetoothView.swift */; };
/* End PBXBuildFile section */

/* Begin PBXFileReference section */
		2070E42428F5B7AB002F4EBA /* FrameView.swift */ = {isa = PBXFileReference; lastKnownFileType = sourcecode.swift; path = FrameView.swift; sourceTree = "<group>"; };
		2070E42628F5B816002F4EBA /* FrameHandler.swift */ = {isa = PBXFileReference; lastKnownFileType = sourcecode.swift; path = FrameHandler.swift; sourceTree = "<group>"; };
		2070E42A28F5B8D1002F4EBA /* LiveVideoDisplayView.swift */ = {isa = PBXFileReference; lastKnownFileType = sourcecode.swift; path = LiveVideoDisplayView.swift; sourceTree = "<group>"; };
		20F91F6728F6364200A363C5 /* Rear-Rider-Info.plist */ = {isa = PBXFileReference; lastKnownFileType = text.plist; path = "Rear-Rider-Info.plist"; sourceTree = SOURCE_ROOT; };
		4851CE0528E49485003B5B76 /* Rear Rider.app */ = {isa = PBXFileReference; explicitFileType = wrapper.application; includeInIndex = 0; path = "Rear Rider.app"; sourceTree = BUILT_PRODUCTS_DIR; };
		4851CE0828E49485003B5B76 /* Rear_RiderApp.swift */ = {isa = PBXFileReference; lastKnownFileType = sourcecode.swift; path = Rear_RiderApp.swift; sourceTree = "<group>"; };
		4851CE0A28E49485003B5B76 /* ObjectDetectionView.swift */ = {isa = PBXFileReference; lastKnownFileType = sourcecode.swift; path = ObjectDetectionView.swift; sourceTree = "<group>"; };
		4851CE0C28E49485003B5B76 /* Assets.xcassets */ = {isa = PBXFileReference; lastKnownFileType = folder.assetcatalog; path = Assets.xcassets; sourceTree = "<group>"; };
		4851CE0F28E49485003B5B76 /* Preview Assets.xcassets */ = {isa = PBXFileReference; lastKnownFileType = folder.assetcatalog; path = "Preview Assets.xcassets"; sourceTree = "<group>"; };
		4851CE1C28E4C22D003B5B76 /* MobileNetV2.mlmodel */ = {isa = PBXFileReference; lastKnownFileType = file.mlmodel; path = MobileNetV2.mlmodel; sourceTree = "<group>"; };
		4851CE1E28E4C3A2003B5B76 /* UIImage+Extension.swift */ = {isa = PBXFileReference; lastKnownFileType = sourcecode.swift; path = "UIImage+Extension.swift"; sourceTree = "<group>"; };
		487C63AD28E4F8700022F0A7 /* HomeView.swift */ = {isa = PBXFileReference; lastKnownFileType = sourcecode.swift; path = HomeView.swift; sourceTree = "<group>"; };
		C307D28828F2731F001D7F1D /* CameraTestView.swift */ = {isa = PBXFileReference; fileEncoding = 4; lastKnownFileType = sourcecode.swift; path = CameraTestView.swift; sourceTree = "<group>"; };
		C307D28A28F2734A001D7F1D /* MJpegStreaming.h */ = {isa = PBXFileReference; fileEncoding = 4; lastKnownFileType = sourcecode.c.h; path = MJpegStreaming.h; sourceTree = "<group>"; };
		C307D28B28F2734B001D7F1D /* MJpegStreamingKit.swift */ = {isa = PBXFileReference; fileEncoding = 4; lastKnownFileType = sourcecode.swift; path = MJpegStreamingKit.swift; sourceTree = "<group>"; };
		C3BD658228E8DB3B0042CEB4 /* BLEManager.swift */ = {isa = PBXFileReference; fileEncoding = 4; lastKnownFileType = sourcecode.swift; path = BLEManager.swift; sourceTree = "<group>"; };
		C3BD658428E8DB7C0042CEB4 /* BluetoothView.swift */ = {isa = PBXFileReference; fileEncoding = 4; lastKnownFileType = sourcecode.swift; path = BluetoothView.swift; sourceTree = "<group>"; };
/* End PBXFileReference section */

/* Begin PBXFrameworksBuildPhase section */
		4851CE0228E49485003B5B76 /* Frameworks */ = {
			isa = PBXFrameworksBuildPhase;
			buildActionMask = 2147483647;
			files = (
			);
			runOnlyForDeploymentPostprocessing = 0;
		};
/* End PBXFrameworksBuildPhase section */

/* Begin PBXGroup section */
		4851CDFC28E49484003B5B76 = {
			isa = PBXGroup;
			children = (
				4851CE0728E49485003B5B76 /* Rear Rider */,
				4851CE0628E49485003B5B76 /* Products */,
			);
			sourceTree = "<group>";
		};
		4851CE0628E49485003B5B76 /* Products */ = {
			isa = PBXGroup;
			children = (
				4851CE0528E49485003B5B76 /* Rear Rider.app */,
			);
			name = Products;
			sourceTree = "<group>";
		};
		4851CE0728E49485003B5B76 /* Rear Rider */ = {
			isa = PBXGroup;
			children = (
				20F91F6728F6364200A363C5 /* Rear-Rider-Info.plist */,
				4851CE1C28E4C22D003B5B76 /* MobileNetV2.mlmodel */,
				4851CE0828E49485003B5B76 /* Rear_RiderApp.swift */,
				487C63AD28E4F8700022F0A7 /* HomeView.swift */,
				C307D28A28F2734A001D7F1D /* MJpegStreaming.h */,
				C307D28B28F2734B001D7F1D /* MJpegStreamingKit.swift */,
				2070E42428F5B7AB002F4EBA /* FrameView.swift */,
				2070E42628F5B816002F4EBA /* FrameHandler.swift */,
				2070E42A28F5B8D1002F4EBA /* LiveVideoDisplayView.swift */,
				C307D28828F2731F001D7F1D /* CameraTestView.swift */,
				C3BD658428E8DB7C0042CEB4 /* BluetoothView.swift */,
				C3BD658228E8DB3B0042CEB4 /* BLEManager.swift */,
				4851CE0A28E49485003B5B76 /* ObjectDetectionView.swift */,
				4851CE1E28E4C3A2003B5B76 /* UIImage+Extension.swift */,
				4851CE0C28E49485003B5B76 /* Assets.xcassets */,
				4851CE0E28E49485003B5B76 /* Preview Content */,
			);
			path = "Rear Rider";
			sourceTree = "<group>";
		};
		4851CE0E28E49485003B5B76 /* Preview Content */ = {
			isa = PBXGroup;
			children = (
				4851CE0F28E49485003B5B76 /* Preview Assets.xcassets */,
			);
			path = "Preview Content";
			sourceTree = "<group>";
		};
/* End PBXGroup section */

/* Begin PBXNativeTarget section */
		4851CE0428E49485003B5B76 /* Rear Rider */ = {
			isa = PBXNativeTarget;
			buildConfigurationList = 4851CE1328E49485003B5B76 /* Build configuration list for PBXNativeTarget "Rear Rider" */;
			buildPhases = (
				4851CE0128E49485003B5B76 /* Sources */,
				4851CE0228E49485003B5B76 /* Frameworks */,
				4851CE0328E49485003B5B76 /* Resources */,
			);
			buildRules = (
			);
			dependencies = (
			);
			name = "Rear Rider";
			productName = "Rear Rider";
			productReference = 4851CE0528E49485003B5B76 /* Rear Rider.app */;
			productType = "com.apple.product-type.application";
		};
/* End PBXNativeTarget section */

/* Begin PBXProject section */
		4851CDFD28E49484003B5B76 /* Project object */ = {
			isa = PBXProject;
			attributes = {
				BuildIndependentTargetsInParallel = 1;
				LastSwiftUpdateCheck = 1340;
				LastUpgradeCheck = 1340;
				TargetAttributes = {
					4851CE0428E49485003B5B76 = {
						CreatedOnToolsVersion = 13.4.1;
					};
				};
			};
			buildConfigurationList = 4851CE0028E49484003B5B76 /* Build configuration list for PBXProject "Rear Rider" */;
			compatibilityVersion = "Xcode 13.0";
			developmentRegion = en;
			hasScannedForEncodings = 0;
			knownRegions = (
				en,
				Base,
			);
			mainGroup = 4851CDFC28E49484003B5B76;
			productRefGroup = 4851CE0628E49485003B5B76 /* Products */;
			projectDirPath = "";
			projectRoot = "";
			targets = (
				4851CE0428E49485003B5B76 /* Rear Rider */,
			);
		};
/* End PBXProject section */

/* Begin PBXResourcesBuildPhase section */
		4851CE0328E49485003B5B76 /* Resources */ = {
			isa = PBXResourcesBuildPhase;
			buildActionMask = 2147483647;
			files = (
				4851CE1028E49485003B5B76 /* Preview Assets.xcassets in Resources */,
				4851CE0D28E49485003B5B76 /* Assets.xcassets in Resources */,
			);
			runOnlyForDeploymentPostprocessing = 0;
		};
/* End PBXResourcesBuildPhase section */

/* Begin PBXSourcesBuildPhase section */
		4851CE0128E49485003B5B76 /* Sources */ = {
			isa = PBXSourcesBuildPhase;
			buildActionMask = 2147483647;
			files = (
				4851CE1D28E4C22D003B5B76 /* MobileNetV2.mlmodel in Sources */,
				C3BD658528E8DB7C0042CEB4 /* BluetoothView.swift in Sources */,
				C3BD658328E8DB3B0042CEB4 /* BLEManager.swift in Sources */,
				C307D28C28F2734B001D7F1D /* MJpegStreamingKit.swift in Sources */,
				C307D28928F2731F001D7F1D /* CameraTestView.swift in Sources */,
				2070E42728F5B816002F4EBA /* FrameHandler.swift in Sources */,
				4851CE0B28E49485003B5B76 /* ObjectDetectionView.swift in Sources */,
				4851CE0928E49485003B5B76 /* Rear_RiderApp.swift in Sources */,
				487C63AE28E4F8700022F0A7 /* HomeView.swift in Sources */,
				2070E42B28F5B8D1002F4EBA /* LiveVideoDisplayView.swift in Sources */,
				2070E42528F5B7AB002F4EBA /* FrameView.swift in Sources */,
				4851CE1F28E4C3A2003B5B76 /* UIImage+Extension.swift in Sources */,
			);
			runOnlyForDeploymentPostprocessing = 0;
		};
/* End PBXSourcesBuildPhase section */

/* Begin XCBuildConfiguration section */
		4851CE1128E49485003B5B76 /* Debug */ = {
			isa = XCBuildConfiguration;
			buildSettings = {
				ALWAYS_SEARCH_USER_PATHS = NO;
				CLANG_ANALYZER_NONNULL = YES;
				CLANG_ANALYZER_NUMBER_OBJECT_CONVERSION = YES_AGGRESSIVE;
				CLANG_CXX_LANGUAGE_STANDARD = "gnu++17";
				CLANG_ENABLE_MODULES = YES;
				CLANG_ENABLE_OBJC_ARC = YES;
				CLANG_ENABLE_OBJC_WEAK = YES;
				CLANG_WARN_BLOCK_CAPTURE_AUTORELEASING = YES;
				CLANG_WARN_BOOL_CONVERSION = YES;
				CLANG_WARN_COMMA = YES;
				CLANG_WARN_CONSTANT_CONVERSION = YES;
				CLANG_WARN_DEPRECATED_OBJC_IMPLEMENTATIONS = YES;
				CLANG_WARN_DIRECT_OBJC_ISA_USAGE = YES_ERROR;
				CLANG_WARN_DOCUMENTATION_COMMENTS = YES;
				CLANG_WARN_EMPTY_BODY = YES;
				CLANG_WARN_ENUM_CONVERSION = YES;
				CLANG_WARN_INFINITE_RECURSION = YES;
				CLANG_WARN_INT_CONVERSION = YES;
				CLANG_WARN_NON_LITERAL_NULL_CONVERSION = YES;
				CLANG_WARN_OBJC_IMPLICIT_RETAIN_SELF = YES;
				CLANG_WARN_OBJC_LITERAL_CONVERSION = YES;
				CLANG_WARN_OBJC_ROOT_CLASS = YES_ERROR;
				CLANG_WARN_QUOTED_INCLUDE_IN_FRAMEWORK_HEADER = YES;
				CLANG_WARN_RANGE_LOOP_ANALYSIS = YES;
				CLANG_WARN_STRICT_PROTOTYPES = YES;
				CLANG_WARN_SUSPICIOUS_MOVE = YES;
				CLANG_WARN_UNGUARDED_AVAILABILITY = YES_AGGRESSIVE;
				CLANG_WARN_UNREACHABLE_CODE = YES;
				CLANG_WARN__DUPLICATE_METHOD_MATCH = YES;
				COPY_PHASE_STRIP = NO;
				DEBUG_INFORMATION_FORMAT = dwarf;
				ENABLE_STRICT_OBJC_MSGSEND = YES;
				ENABLE_TESTABILITY = YES;
				GCC_C_LANGUAGE_STANDARD = gnu11;
				GCC_DYNAMIC_NO_PIC = NO;
				GCC_NO_COMMON_BLOCKS = YES;
				GCC_OPTIMIZATION_LEVEL = 0;
				GCC_PREPROCESSOR_DEFINITIONS = (
					"DEBUG=1",
					"$(inherited)",
				);
				GCC_WARN_64_TO_32_BIT_CONVERSION = YES;
				GCC_WARN_ABOUT_RETURN_TYPE = YES_ERROR;
				GCC_WARN_UNDECLARED_SELECTOR = YES;
				GCC_WARN_UNINITIALIZED_AUTOS = YES_AGGRESSIVE;
				GCC_WARN_UNUSED_FUNCTION = YES;
				GCC_WARN_UNUSED_VARIABLE = YES;
				IPHONEOS_DEPLOYMENT_TARGET = 15.5;
				MTL_ENABLE_DEBUG_INFO = INCLUDE_SOURCE;
				MTL_FAST_MATH = YES;
				ONLY_ACTIVE_ARCH = YES;
				SDKROOT = iphoneos;
				SWIFT_ACTIVE_COMPILATION_CONDITIONS = DEBUG;
				SWIFT_OPTIMIZATION_LEVEL = "-Onone";
			};
			name = Debug;
		};
		4851CE1228E49485003B5B76 /* Release */ = {
			isa = XCBuildConfiguration;
			buildSettings = {
				ALWAYS_SEARCH_USER_PATHS = NO;
				CLANG_ANALYZER_NONNULL = YES;
				CLANG_ANALYZER_NUMBER_OBJECT_CONVERSION = YES_AGGRESSIVE;
				CLANG_CXX_LANGUAGE_STANDARD = "gnu++17";
				CLANG_ENABLE_MODULES = YES;
				CLANG_ENABLE_OBJC_ARC = YES;
				CLANG_ENABLE_OBJC_WEAK = YES;
				CLANG_WARN_BLOCK_CAPTURE_AUTORELEASING = YES;
				CLANG_WARN_BOOL_CONVERSION = YES;
				CLANG_WARN_COMMA = YES;
				CLANG_WARN_CONSTANT_CONVERSION = YES;
				CLANG_WARN_DEPRECATED_OBJC_IMPLEMENTATIONS = YES;
				CLANG_WARN_DIRECT_OBJC_ISA_USAGE = YES_ERROR;
				CLANG_WARN_DOCUMENTATION_COMMENTS = YES;
				CLANG_WARN_EMPTY_BODY = YES;
				CLANG_WARN_ENUM_CONVERSION = YES;
				CLANG_WARN_INFINITE_RECURSION = YES;
				CLANG_WARN_INT_CONVERSION = YES;
				CLANG_WARN_NON_LITERAL_NULL_CONVERSION = YES;
				CLANG_WARN_OBJC_IMPLICIT_RETAIN_SELF = YES;
				CLANG_WARN_OBJC_LITERAL_CONVERSION = YES;
				CLANG_WARN_OBJC_ROOT_CLASS = YES_ERROR;
				CLANG_WARN_QUOTED_INCLUDE_IN_FRAMEWORK_HEADER = YES;
				CLANG_WARN_RANGE_LOOP_ANALYSIS = YES;
				CLANG_WARN_STRICT_PROTOTYPES = YES;
				CLANG_WARN_SUSPICIOUS_MOVE = YES;
				CLANG_WARN_UNGUARDED_AVAILABILITY = YES_AGGRESSIVE;
				CLANG_WARN_UNREACHABLE_CODE = YES;
				CLANG_WARN__DUPLICATE_METHOD_MATCH = YES;
				COPY_PHASE_STRIP = NO;
				DEBUG_INFORMATION_FORMAT = "dwarf-with-dsym";
				ENABLE_NS_ASSERTIONS = NO;
				ENABLE_STRICT_OBJC_MSGSEND = YES;
				GCC_C_LANGUAGE_STANDARD = gnu11;
				GCC_NO_COMMON_BLOCKS = YES;
				GCC_WARN_64_TO_32_BIT_CONVERSION = YES;
				GCC_WARN_ABOUT_RETURN_TYPE = YES_ERROR;
				GCC_WARN_UNDECLARED_SELECTOR = YES;
				GCC_WARN_UNINITIALIZED_AUTOS = YES_AGGRESSIVE;
				GCC_WARN_UNUSED_FUNCTION = YES;
				GCC_WARN_UNUSED_VARIABLE = YES;
				IPHONEOS_DEPLOYMENT_TARGET = 15.5;
				MTL_ENABLE_DEBUG_INFO = NO;
				MTL_FAST_MATH = YES;
				SDKROOT = iphoneos;
				SWIFT_COMPILATION_MODE = wholemodule;
				SWIFT_OPTIMIZATION_LEVEL = "-O";
				VALIDATE_PRODUCT = YES;
			};
			name = Release;
		};
		4851CE1428E49485003B5B76 /* Debug */ = {
			isa = XCBuildConfiguration;
			buildSettings = {
				ASSETCATALOG_COMPILER_APPICON_NAME = AppIcon;
				ASSETCATALOG_COMPILER_GLOBAL_ACCENT_COLOR_NAME = AccentColor;
				CODE_SIGN_STYLE = Automatic;
				CURRENT_PROJECT_VERSION = 1;
				DEVELOPMENT_ASSET_PATHS = "\"Rear Rider/Preview Content\"";
				DEVELOPMENT_TEAM = 5KVT845VZL;
				ENABLE_PREVIEWS = YES;
				GENERATE_INFOPLIST_FILE = YES;
				INFOPLIST_FILE = "Rear-Rider-Info.plist";
				INFOPLIST_KEY_NSBluetoothAlwaysUsageDescription = "This app requires Bluetooth for connecting to RaspberryPi";
				INFOPLIST_KEY_NSCameraUsageDescription = "Camera required for live video";
				INFOPLIST_KEY_UIApplicationSceneManifest_Generation = YES;
				INFOPLIST_KEY_UIApplicationSupportsIndirectInputEvents = YES;
				INFOPLIST_KEY_UILaunchScreen_Generation = YES;
				INFOPLIST_KEY_UISupportedInterfaceOrientations_iPad = "UIInterfaceOrientationPortrait UIInterfaceOrientationPortraitUpsideDown UIInterfaceOrientationLandscapeLeft UIInterfaceOrientationLandscapeRight";
				INFOPLIST_KEY_UISupportedInterfaceOrientations_iPhone = "UIInterfaceOrientationPortrait UIInterfaceOrientationLandscapeLeft UIInterfaceOrientationLandscapeRight";
				IPHONEOS_DEPLOYMENT_TARGET = 15.4;
				LD_RUNPATH_SEARCH_PATHS = (
					"$(inherited)",
					"@executable_path/Frameworks",
				);
				MARKETING_VERSION = 1.0;
				PRODUCT_BUNDLE_IDENTIFIER = RearRider;
				PRODUCT_NAME = "$(TARGET_NAME)";
				SWIFT_EMIT_LOC_STRINGS = YES;
				SWIFT_VERSION = 5.0;
				TARGETED_DEVICE_FAMILY = "1,2";
			};
			name = Debug;
		};
		4851CE1528E49485003B5B76 /* Release */ = {
			isa = XCBuildConfiguration;
			buildSettings = {
				ASSETCATALOG_COMPILER_APPICON_NAME = AppIcon;
				ASSETCATALOG_COMPILER_GLOBAL_ACCENT_COLOR_NAME = AccentColor;
				CODE_SIGN_STYLE = Automatic;
				CURRENT_PROJECT_VERSION = 1;
				DEVELOPMENT_ASSET_PATHS = "\"Rear Rider/Preview Content\"";
				DEVELOPMENT_TEAM = 5KVT845VZL;
				ENABLE_PREVIEWS = YES;
				GENERATE_INFOPLIST_FILE = YES;
				INFOPLIST_FILE = "Rear-Rider-Info.plist";
				INFOPLIST_KEY_NSBluetoothAlwaysUsageDescription = "This app requires Bluetooth for connecting to RaspberryPi";
				INFOPLIST_KEY_NSCameraUsageDescription = "Camera required for live video";
				INFOPLIST_KEY_UIApplicationSceneManifest_Generation = YES;
				INFOPLIST_KEY_UIApplicationSupportsIndirectInputEvents = YES;
				INFOPLIST_KEY_UILaunchScreen_Generation = YES;
				INFOPLIST_KEY_UISupportedInterfaceOrientations_iPad = "UIInterfaceOrientationPortrait UIInterfaceOrientationPortraitUpsideDown UIInterfaceOrientationLandscapeLeft UIInterfaceOrientationLandscapeRight";
				INFOPLIST_KEY_UISupportedInterfaceOrientations_iPhone = "UIInterfaceOrientationPortrait UIInterfaceOrientationLandscapeLeft UIInterfaceOrientationLandscapeRight";
				IPHONEOS_DEPLOYMENT_TARGET = 15.4;
				LD_RUNPATH_SEARCH_PATHS = (
					"$(inherited)",
					"@executable_path/Frameworks",
				);
				MARKETING_VERSION = 1.0;
				PRODUCT_BUNDLE_IDENTIFIER = RearRider;
				PRODUCT_NAME = "$(TARGET_NAME)";
				SWIFT_EMIT_LOC_STRINGS = YES;
				SWIFT_VERSION = 5.0;
				TARGETED_DEVICE_FAMILY = "1,2";
			};
			name = Release;
		};
/* End XCBuildConfiguration section */

/* Begin XCConfigurationList section */
		4851CE0028E49484003B5B76 /* Build configuration list for PBXProject "Rear Rider" */ = {
			isa = XCConfigurationList;
			buildConfigurations = (
				4851CE1128E49485003B5B76 /* Debug */,
				4851CE1228E49485003B5B76 /* Release */,
			);
			defaultConfigurationIsVisible = 0;
			defaultConfigurationName = Release;
		};
		4851CE1328E49485003B5B76 /* Build configuration list for PBXNativeTarget "Rear Rider" */ = {
			isa = XCConfigurationList;
			buildConfigurations = (
				4851CE1428E49485003B5B76 /* Debug */,
				4851CE1528E49485003B5B76 /* Release */,
			);
			defaultConfigurationIsVisible = 0;
			defaultConfigurationName = Release;
		};
/* End XCConfigurationList section */
	};
	rootObject = 4851CDFD28E49484003B5B76 /* Project object */;
}
